
Microsoft Visual Studio Solution File, Format Version 12.00
# Visual Studio 14
VisualStudioVersion = 14.0.25123.0
MinimumVisualStudioVersion = 10.0.40219.1
Project("{00D1A9C2-B5F0-4AF3-8072-F6C62B433612}") = "GBG.Data", "GBG.Data\GBG.Data.sqlproj", "{0A4ED270-DFFB-4E48-AED4-A206F34A7569}"
EndProject
Project("{FAE04EC0-301F-11D3-BF4B-00C04F79EFBC}") = "GBG.Entities", "GBG.Entities\GBG.Entities.csproj", "{81D98B02-D043-46CD-A17C-C463138D162E}"
EndProject
Project("{FAE04EC0-301F-11D3-BF4B-00C04F79EFBC}") = "GBG.Web", "GBG.Web\GBG.Web.csproj", "{7FDFE655-C14A-48D2-A266-4D91CEA0245C}"
EndProject
Project("{FAE04EC0-301F-11D3-BF4B-00C04F79EFBC}") = "GBG.Entities.Test", "GBG.Entities.Test\GBG.Entities.Test.csproj", "{6F04BC2B-C537-403A-A891-BEF926FA368B}"
EndProject
Project("{2150E333-8FDC-42A3-9474-1A3956D46DE8}") = "Test", "Test", "{483C5AC6-71C9-43B3-A868-F0C1042BBA86}"
EndProject
Project("{2150E333-8FDC-42A3-9474-1A3956D46DE8}") = "Task 1", "Task 1", "{A87BA399-A6DD-4BFD-B1CA-73DC14F0B049}"
EndProject
Project("{2150E333-8FDC-42A3-9474-1A3956D46DE8}") = "Task 2", "Task 2", "{BF8BF5A3-F994-4EFE-B694-8258774EED48}"
EndProject
Project("{8BC9CEB8-8B4A-11D0-8D11-00A0C91BC942}") = "GBG.FileReader", "GBG.FileReader\GBG.FileReader.vcxproj", "{CB5B33C2-4199-445A-ADF6-EE32A4C6ACC4}"
EndProject
Global
	GlobalSection(SolutionConfigurationPlatforms) = preSolution
		Debug|Any CPU = Debug|Any CPU
		Debug|x64 = Debug|x64
		Debug|x86 = Debug|x86
		Release|Any CPU = Release|Any CPU
		Release|x64 = Release|x64
		Release|x86 = Release|x86
	EndGlobalSection
	GlobalSection(ProjectConfigurationPlatforms) = postSolution
		{0A4ED270-DFFB-4E48-AED4-A206F34A7569}.Debug|Any CPU.ActiveCfg = Debug|Any CPU
		{0A4ED270-DFFB-4E48-AED4-A206F34A7569}.Debug|Any CPU.Build.0 = Debug|Any CPU
		{0A4ED270-DFFB-4E48-AED4-A206F34A7569}.Debug|Any CPU.Deploy.0 = Debug|Any CPU
		{0A4ED270-DFFB-4E48-AED4-A206F34A7569}.Debug|x64.ActiveCfg = Debug|Any CPU
		{0A4ED270-DFFB-4E48-AED4-A206F34A7569}.Debug|x64.Build.0 = Debug|Any CPU
		{0A4ED270-DFFB-4E48-AED4-A206F34A7569}.Debug|x64.Deploy.0 = Debug|Any CPU
		{0A4ED270-DFFB-4E48-AED4-A206F34A7569}.Debug|x86.ActiveCfg = Debug|Any CPU
		{0A4ED270-DFFB-4E48-AED4-A206F34A7569}.Debug|x86.Build.0 = Debug|Any CPU
		{0A4ED270-DFFB-4E48-AED4-A206F34A7569}.Debug|x86.Deploy.0 = Debug|Any CPU
		{0A4ED270-DFFB-4E48-AED4-A206F34A7569}.Release|Any CPU.ActiveCfg = Release|Any CPU
		{0A4ED270-DFFB-4E48-AED4-A206F34A7569}.Release|Any CPU.Build.0 = Release|Any CPU
		{0A4ED270-DFFB-4E48-AED4-A206F34A7569}.Release|Any CPU.Deploy.0 = Release|Any CPU
		{0A4ED270-DFFB-4E48-AED4-A206F34A7569}.Release|x64.ActiveCfg = Release|Any CPU
		{0A4ED270-DFFB-4E48-AED4-A206F34A7569}.Release|x64.Build.0 = Release|Any CPU
		{0A4ED270-DFFB-4E48-AED4-A206F34A7569}.Release|x64.Deploy.0 = Release|Any CPU
		{0A4ED270-DFFB-4E48-AED4-A206F34A7569}.Release|x86.ActiveCfg = Release|Any CPU
		{0A4ED270-DFFB-4E48-AED4-A206F34A7569}.Release|x86.Build.0 = Release|Any CPU
		{0A4ED270-DFFB-4E48-AED4-A206F34A7569}.Release|x86.Deploy.0 = Release|Any CPU
		{81D98B02-D043-46CD-A17C-C463138D162E}.Debug|Any CPU.ActiveCfg = Debug|Any CPU
		{81D98B02-D043-46CD-A17C-C463138D162E}.Debug|Any CPU.Build.0 = Debug|Any CPU
		{81D98B02-D043-46CD-A17C-C463138D162E}.Debug|x64.ActiveCfg = Debug|Any CPU
		{81D98B02-D043-46CD-A17C-C463138D162E}.Debug|x64.Build.0 = Debug|Any CPU
		{81D98B02-D043-46CD-A17C-C463138D162E}.Debug|x86.ActiveCfg = Debug|Any CPU
		{81D98B02-D043-46CD-A17C-C463138D162E}.Debug|x86.Build.0 = Debug|Any CPU
		{81D98B02-D043-46CD-A17C-C463138D162E}.Release|Any CPU.ActiveCfg = Release|Any CPU
		{81D98B02-D043-46CD-A17C-C463138D162E}.Release|Any CPU.Build.0 = Release|Any CPU
		{81D98B02-D043-46CD-A17C-C463138D162E}.Release|x64.ActiveCfg = Release|Any CPU
		{81D98B02-D043-46CD-A17C-C463138D162E}.Release|x64.Build.0 = Release|Any CPU
		{81D98B02-D043-46CD-A17C-C463138D162E}.Release|x86.ActiveCfg = Release|Any CPU
		{81D98B02-D043-46CD-A17C-C463138D162E}.Release|x86.Build.0 = Release|Any CPU
		{7FDFE655-C14A-48D2-A266-4D91CEA0245C}.Debug|Any CPU.ActiveCfg = Debug|Any CPU
		{7FDFE655-C14A-48D2-A266-4D91CEA0245C}.Debug|Any CPU.Build.0 = Debug|Any CPU
		{7FDFE655-C14A-48D2-A266-4D91CEA0245C}.Debug|x64.ActiveCfg = Debug|Any CPU
		{7FDFE655-C14A-48D2-A266-4D91CEA0245C}.Debug|x64.Build.0 = Debug|Any CPU
		{7FDFE655-C14A-48D2-A266-4D91CEA0245C}.Debug|x86.ActiveCfg = Debug|Any CPU
		{7FDFE655-C14A-48D2-A266-4D91CEA0245C}.Debug|x86.Build.0 = Debug|Any CPU
		{7FDFE655-C14A-48D2-A266-4D91CEA0245C}.Release|Any CPU.ActiveCfg = Release|Any CPU
		{7FDFE655-C14A-48D2-A266-4D91CEA0245C}.Release|Any CPU.Build.0 = Release|Any CPU
		{7FDFE655-C14A-48D2-A266-4D91CEA0245C}.Release|x64.ActiveCfg = Release|Any CPU
		{7FDFE655-C14A-48D2-A266-4D91CEA0245C}.Release|x64.Build.0 = Release|Any CPU
		{7FDFE655-C14A-48D2-A266-4D91CEA0245C}.Release|x86.ActiveCfg = Release|Any CPU
		{7FDFE655-C14A-48D2-A266-4D91CEA0245C}.Release|x86.Build.0 = Release|Any CPU
		{6F04BC2B-C537-403A-A891-BEF926FA368B}.Debug|Any CPU.ActiveCfg = Debug|Any CPU
		{6F04BC2B-C537-403A-A891-BEF926FA368B}.Debug|Any CPU.Build.0 = Debug|Any CPU
		{6F04BC2B-C537-403A-A891-BEF926FA368B}.Debug|x64.ActiveCfg = Debug|Any CPU
		{6F04BC2B-C537-403A-A891-BEF926FA368B}.Debug|x64.Build.0 = Debug|Any CPU
		{6F04BC2B-C537-403A-A891-BEF926FA368B}.Debug|x86.ActiveCfg = Debug|Any CPU
		{6F04BC2B-C537-403A-A891-BEF926FA368B}.Debug|x86.Build.0 = Debug|Any CPU
		{6F04BC2B-C537-403A-A891-BEF926FA368B}.Release|Any CPU.ActiveCfg = Release|Any CPU
		{6F04BC2B-C537-403A-A891-BEF926FA368B}.Release|Any CPU.Build.0 = Release|Any CPU
		{6F04BC2B-C537-403A-A891-BEF926FA368B}.Release|x64.ActiveCfg = Release|Any CPU
		{6F04BC2B-C537-403A-A891-BEF926FA368B}.Release|x64.Build.0 = Release|Any CPU
		{6F04BC2B-C537-403A-A891-BEF926FA368B}.Release|x86.ActiveCfg = Release|Any CPU
		{6F04BC2B-C537-403A-A891-BEF926FA368B}.Release|x86.Build.0 = Release|Any CPU
		{CB5B33C2-4199-445A-ADF6-EE32A4C6ACC4}.Debug|Any CPU.ActiveCfg = Debug|Win32
		{CB5B33C2-4199-445A-ADF6-EE32A4C6ACC4}.Debug|x64.ActiveCfg = Debug|x64
		{CB5B33C2-4199-445A-ADF6-EE32A4C6ACC4}.Debug|x64.Build.0 = Debug|x64
		{CB5B33C2-4199-445A-ADF6-EE32A4C6ACC4}.Debug|x86.ActiveCfg = Debug|Win32
		{CB5B33C2-4199-445A-ADF6-EE32A4C6ACC4}.Debug|x86.Build.0 = Debug|Win32
		{CB5B33C2-4199-445A-ADF6-EE32A4C6ACC4}.Release|Any CPU.ActiveCfg = Release|Win32
		{CB5B33C2-4199-445A-ADF6-EE32A4C6ACC4}.Release|x64.ActiveCfg = Release|x64
		{CB5B33C2-4199-445A-ADF6-EE32A4C6ACC4}.Release|x64.Build.0 = Release|x64
		{CB5B33C2-4199-445A-ADF6-EE32A4C6ACC4}.Release|x86.ActiveCfg = Release|Win32
		{CB5B33C2-4199-445A-ADF6-EE32A4C6ACC4}.Release|x86.Build.0 = Release|Win32
	EndGlobalSection
	GlobalSection(SolutionProperties) = preSolution
		HideSolutionNode = FALSE
	EndGlobalSection
	GlobalSection(NestedProjects) = preSolution
		{0A4ED270-DFFB-4E48-AED4-A206F34A7569} = {A87BA399-A6DD-4BFD-B1CA-73DC14F0B049}
		{81D98B02-D043-46CD-A17C-C463138D162E} = {A87BA399-A6DD-4BFD-B1CA-73DC14F0B049}
		{7FDFE655-C14A-48D2-A266-4D91CEA0245C} = {A87BA399-A6DD-4BFD-B1CA-73DC14F0B049}
		{6F04BC2B-C537-403A-A891-BEF926FA368B} = {483C5AC6-71C9-43B3-A868-F0C1042BBA86}
		{483C5AC6-71C9-43B3-A868-F0C1042BBA86} = {A87BA399-A6DD-4BFD-B1CA-73DC14F0B049}
		{CB5B33C2-4199-445A-ADF6-EE32A4C6ACC4} = {BF8BF5A3-F994-4EFE-B694-8258774EED48}
	EndGlobalSection
EndGlobal
